{
    "name": "build-plugin-obfuscation",
    "version": "1.0.0",
    "lockfileVersion": 3,
    "requires": true,
    "packages": {
        "": {
            "name": "build-plugin-obfuscation",
            "version": "1.0.0",
            "hasInstallScript": true,
            "dependencies": {
                "fs-extra": "^10.0.0"
            },
            "devDependencies": {
                "@cocos/creator-types": "^3.8.2",
                "@types/fs-extra": "^5.0.4",
                "@types/node": "^18.17.1"
            }
        },
        "node_modules/@cocos/creator-types": {
            "version": "3.8.2",
            "resolved": "https://registry.npmjs.org/@cocos/creator-types/-/creator-types-3.8.2.tgz",
            "integrity": "sha512-+5T1ihtdmwZ9X7lwASMhXrwqLxc6slcuHEX7ylbDbzVANChq9kYMF7I+hinEg5y1l5AAxd+Q+WBLwgZAA+4UIQ==",
            "dev": true
        },
        "node_modules/@types/fs-extra": {
            "version": "5.1.0",
            "resolved": "https://registry.npmmirror.com/@types/fs-extra/-/fs-extra-5.1.0.tgz",
            "integrity": "sha512-AInn5+UBFIK9FK5xc9yP5e3TQSPNNgjHByqYcj9g5elVBnDQcQL7PlO1CIRy2gWlbwK7UPYqi7vRvFA44dCmYQ==",
            "dev": true,
            "dependencies": {
                "@types/node": "*"
            }
        },
        "node_modules/@types/node": {
            "version": "18.19.26",
            "resolved": "https://registry.npmjs.org/@types/node/-/node-18.19.26.tgz",
            "integrity": "sha512-+wiMJsIwLOYCvUqSdKTrfkS8mpTp+MPINe6+Np4TAGFWWRWiBQ5kSq9nZGCSPkzx9mvT+uEukzpX4MOSCydcvw==",
            "dev": true,
            "dependencies": {
                "undici-types": "~5.26.4"
            }
        },
        "node_modules/fs-extra": {
            "version": "10.1.0",
            "resolved": "https://registry.npmmirror.com/fs-extra/-/fs-extra-10.1.0.tgz",
            "integrity": "sha512-oRXApq54ETRj4eMiFzGnHWGy+zo5raudjuxN0b8H7s/RU2oW0Wvsx9O0ACRN/kRq9E8Vu/ReskGB5o3ji+FzHQ==",
            "dependencies": {
                "graceful-fs": "^4.2.0",
                "jsonfile": "^6.0.1",
                "universalify": "^2.0.0"
            },
            "engines": {
                "node": ">=12"
            }
        },
        "node_modules/graceful-fs": {
            "version": "4.2.11",
            "resolved": "https://registry.npmmirror.com/graceful-fs/-/graceful-fs-4.2.11.tgz",
            "integrity": "sha512-RbJ5/jmFcNNCcDV5o9eTnBLJ/HszWV0P73bc+Ff4nS/rJj+YaS6IGyiOL0VoBYX+l1Wrl3k63h/KrH+nhJ0XvQ=="
        },
        "node_modules/jsonfile": {
            "version": "6.1.0",
            "resolved": "https://registry.npmmirror.com/jsonfile/-/jsonfile-6.1.0.tgz",
            "integrity": "sha512-5dgndWOriYSm5cnYaJNhalLNDKOqFwyDB/rr1E9ZsGciGvKPs8R2xYGCacuf3z6K1YKDz182fd+fY3cn3pMqXQ==",
            "dependencies": {
                "universalify": "^2.0.0"
            },
            "optionalDependencies": {
                "graceful-fs": "^4.1.6"
            }
        },
        "node_modules/undici-types": {
            "version": "5.26.5",
            "resolved": "https://registry.npmjs.org/undici-types/-/undici-types-5.26.5.tgz",
            "integrity": "sha512-JlCMO+ehdEIKqlFxk6IfVoAUVmgz7cU7zD/h9XZ0qzeosSHmUJVOzSQvvYSYWXkFXC+IfLKSIffhv0sVZup6pA==",
            "dev": true
        },
        "node_modules/universalify": {
            "version": "2.0.1",
            "resolved": "https://registry.npmmirror.com/universalify/-/universalify-2.0.1.tgz",
            "integrity": "sha512-gptHNQghINnc/vTGIk0SOFGFNXw7JVrlRUtConJRlvaw6DuX0wO5Jeko9sWrMBhh+PsYAZ7oXAiOnf/UKogyiw==",
            "engines": {
                "node": ">= 10.0.0"
            }
        }
    }
}
